{
  "requires": true,
  "lockfileVersion": 1,
  "dependencies": {
    "lodash": {
      "version": "4.17.15",
      "resolved": "https://registry.npmjs.org/lodash/-/lodash-4.17.15.tgz",
      "integrity": "sha512-8xOcRHvCjnocdS5cpwXQXVzmmh5e5+saE2QGoeQmbKmRS6J3VQppPOIt0MnmE+4xlZoumy0GPG0D0MVIQbNA1A=="
    },
    "monet": {
      "version": "0.9.0",
      "resolved": "https://registry.npmjs.org/monet/-/monet-0.9.0.tgz",
      "integrity": "sha512-63UOb3RD3zXP3F2kMhYDKZD0V4HBxWgaIHNkp1p+BBCS1AYX51o0o9JJ31KZKuX4aISw4lUwaH4oFbyiKsswgg=="
    }
  }
}
